{
  "name": "matchday-migration-formatting",
  "lockfileVersion": 3,
  "requires": true,
  "packages": {
    "": {
      "name": "matchday-migration-formatting",
      "devDependencies": {
        "prettier": "3.9.8",
        "prettier-plugin-sql-cst": "0.22.1"
      }
    },
    "node_modules/prettier": {
      "version": "3.9.8",
      "resolved": "https://registry.npmjs.org/prettier/-/prettier-3.9.8.tgz",
      "integrity": "sha512-WRFq3Wn3WId7LLROfMLdH7xaFr2jR62wU8nLO6rQUOLOxNZUviyJQs1M0iIhLexSFy+L+w0ch66wtoO2jRjG0A==",
      "dev": true,
      "license": "MIT",
      "bin": {
        "prettier": "bin/prettier.cjs"
      },
      "engines": {
        "node": ">=14"
      },
      "funding": {
        "url": "https://github.com/prettier/prettier?sponsor=1"
      }
    },
    "node_modules/prettier-plugin-sql-cst": {
      "version": "0.22.1",
      "resolved": "https://registry.npmjs.org/prettier-plugin-sql-cst/-/prettier-plugin-sql-cst-0.22.1.tgz",
      "integrity": "sha512-QEJnqIZ+KRykv+SzZmjwkQ+6qA5Xen+xyvNsMi9shCVqRVOyzz6t51pANy91ih9bZL9cmXAaBgmXp2bOMtZCpg==",
      "dev": true,
      "license": "GPL-3.0-or-later",
      "dependencies": {
        "prettier": "^3.0.3",
        "sql-parser-cst": "^0.42.0"
      }
    },
    "node_modules/sql-parser-cst": {
      "version": "0.42.1",
      "resolved": "https://registry.npmjs.org/sql-parser-cst/-/sql-parser-cst-0.42.1.tgz",
      "integrity": "sha512-lfpuhl60s2IRIxWCARthbBvXb2NBLOsVZxzaQLBDDgEZAmT8QYzRWD3qfFX2egZ5y0BYVur7DAQEJSrXxs1WKQ==",
      "dev": true,
      "license": "GPL-2.0-or-later"
    }
  }
}
